#MicroXplorer Configuration settings - do not modify
CORTEX_M7.CPU_DCache=Disabled
CORTEX_M7.CPU_ICache=Enabled
CORTEX_M7.IPParameters=CPU_ICache,CPU_DCache
DMA2D.ColorMode=DMA2D_OUTPUT_RGB565
DMA2D.IPParameters=ColorMode
FATFS.IPParameters=_FS_NORTC,_MAX_SS,_FS_LOCK,_USE_LFN
FATFS._FS_LOCK=5
FATFS._FS_NORTC=0
FATFS._MAX_SS=4096
FATFS._USE_LFN=1
File.Version=6
KeepUserPlacement=false
LTDC.ActiveH=400
LTDC.ActiveW=640
LTDC.Alpha_L0=255
LTDC.BlendingFactor1_L0=LTDC_BLENDING_FACTOR1_PAxCA
LTDC.BlendingFactor2_L0=LTDC_BLENDING_FACTOR2_PAxCA
LTDC.HBP=48
LTDC.HFP=16
LTDC.HSync=96
LTDC.IPParameters=HSync,HBP,HFP,VSync,VFP,WindowX1_L0,Layers,WindowY1_L0,PixelFormat_L0,Alpha_L0,BlendingFactor1_L0,BlendingFactor2_L0,ImageWidth_L0,ImageHeight_L0,VBP,ActiveW,ActiveH
LTDC.ImageHeight_L0=400
LTDC.ImageWidth_L0=640
LTDC.Layers=0
LTDC.PixelFormat_L0=LTDC_PIXEL_FORMAT_RGB565
LTDC.VBP=73
LTDC.VFP=50
LTDC.VSync=2
LTDC.WindowX1_L0=640
LTDC.WindowY1_L0=400
Mcu.Family=STM32H7
Mcu.IP0=CORTEX_M7
Mcu.IP1=DMA2D
Mcu.IP10=SDMMC1
Mcu.IP11=SYS
Mcu.IP2=FATFS
Mcu.IP3=JPEG
Mcu.IP4=LIBJPEG
Mcu.IP5=LTDC
Mcu.IP6=NVIC
Mcu.IP7=QUADSPI
Mcu.IP8=RCC
Mcu.IP9=RTC
Mcu.IPNb=12
Mcu.Name=STM32H743VITx
Mcu.Package=LQFP100
Mcu.Pin0=PE2
Mcu.Pin1=PC14-OSC32_IN
Mcu.Pin10=PA6
Mcu.Pin11=PB0
Mcu.Pin12=PB1
Mcu.Pin13=PB2
Mcu.Pin14=PE11
Mcu.Pin15=PE12
Mcu.Pin16=PE13
Mcu.Pin17=PE14
Mcu.Pin18=PE15
Mcu.Pin19=PB10
Mcu.Pin2=PC15-OSC32_OUT
Mcu.Pin20=PB11
Mcu.Pin21=PD10
Mcu.Pin22=PD11
Mcu.Pin23=PD12
Mcu.Pin24=PD13
Mcu.Pin25=PC6
Mcu.Pin26=PC7
Mcu.Pin27=PC8
Mcu.Pin28=PC9
Mcu.Pin29=PA13
Mcu.Pin3=PH0-OSC_IN
Mcu.Pin30=PA14
Mcu.Pin31=PC10
Mcu.Pin32=PC11
Mcu.Pin33=PC12
Mcu.Pin34=PD2
Mcu.Pin35=PD3
Mcu.Pin36=PD6
Mcu.Pin37=PB3
Mcu.Pin38=PB6
Mcu.Pin39=PB8
Mcu.Pin4=PH1-OSC_OUT
Mcu.Pin40=PB9
Mcu.Pin41=VP_DMA2D_VS_DMA2D
Mcu.Pin42=VP_FATFS_VS_SDIO
Mcu.Pin43=VP_JPEG_VS_JPEG
Mcu.Pin44=VP_LIBJPEG_VS_JPEGLIB
Mcu.Pin45=VP_RTC_VS_RTC_Activate
Mcu.Pin46=VP_SYS_VS_tim7
Mcu.Pin5=PC0
Mcu.Pin6=PA1
Mcu.Pin7=PA3
Mcu.Pin8=PA4
Mcu.Pin9=PA5
Mcu.PinsNb=47
Mcu.ThirdPartyNb=0
Mcu.UserConstants=
Mcu.UserName=STM32H743VITx
MxCube.Version=4.27.0
MxDb.Version=DB.4.0.270
NVIC.BusFault_IRQn=true\:0\:0\:false\:false\:true\:false
NVIC.DebugMonitor_IRQn=true\:0\:0\:false\:false\:true\:false
NVIC.HardFault_IRQn=true\:0\:0\:false\:false\:true\:false
NVIC.MemoryManagement_IRQn=true\:0\:0\:false\:false\:true\:false
NVIC.NonMaskableInt_IRQn=true\:0\:0\:false\:false\:true\:false
NVIC.PendSV_IRQn=true\:0\:0\:false\:false\:true\:false
NVIC.PriorityGroup=NVIC_PRIORITYGROUP_4
NVIC.SDMMC1_IRQn=true\:0\:0\:false\:false\:true\:true
NVIC.SVCall_IRQn=true\:0\:0\:false\:false\:true\:false
NVIC.SysTick_IRQn=true\:0\:0\:false\:false\:true\:false
NVIC.TIM7_IRQn=true\:0\:0\:false\:false\:true\:false
NVIC.TimeBase=TIM7_IRQn
NVIC.TimeBaseIP=TIM7
NVIC.UsageFault_IRQn=true\:0\:0\:false\:false\:true\:false
PA1.Mode=RGB666
PA1.Signal=LTDC_R2
PA13.Mode=Trace_Asynchronous_SW
PA13.Signal=SYS_JTMS-SWDIO
PA14.Mode=Trace_Asynchronous_SW
PA14.Signal=SYS_JTCK-SWCLK
PA3.Mode=RGB666
PA3.Signal=LTDC_B5
PA4.Mode=RGB666
PA4.Signal=LTDC_VSYNC
PA5.Mode=RGB666
PA5.Signal=LTDC_R4
PA6.Mode=RGB666
PA6.Signal=LTDC_G2
PB0.Mode=RGB666
PB0.Signal=LTDC_R3
PB1.Mode=RGB666
PB1.Signal=LTDC_R6
PB10.Mode=RGB666
PB10.Signal=LTDC_G4
PB11.Mode=RGB666
PB11.Signal=LTDC_G5
PB2.Mode=Single Bank 1
PB2.Signal=QUADSPI_CLK
PB3.Mode=Trace_Asynchronous_SW
PB3.Signal=SYS_JTDO-SWO
PB6.Mode=Single Bank 1
PB6.Signal=QUADSPI_BK1_NCS
PB8.Mode=RGB666
PB8.Signal=LTDC_B6
PB9.Mode=RGB666
PB9.Signal=LTDC_B7
PC0.Mode=RGB666
PC0.Signal=LTDC_R5
PC10.Mode=SD_4_bits_Wide_bus
PC10.Signal=SDMMC1_D2
PC11.Mode=SD_4_bits_Wide_bus
PC11.Signal=SDMMC1_D3
PC12.Mode=SD_4_bits_Wide_bus
PC12.Signal=SDMMC1_CK
PC14-OSC32_IN.Mode=LSE-External-Oscillator
PC14-OSC32_IN.Signal=RCC_OSC32_IN
PC15-OSC32_OUT.Mode=LSE-External-Oscillator
PC15-OSC32_OUT.Signal=RCC_OSC32_OUT
PC6.Mode=RGB666
PC6.Signal=LTDC_HSYNC
PC7.Mode=RGB666
PC7.Signal=LTDC_G6
PC8.Mode=SD_4_bits_Wide_bus
PC8.Signal=SDMMC1_D0
PC9.Mode=SD_4_bits_Wide_bus
PC9.Signal=SDMMC1_D1
PCC.Checker=false
PCC.Line=STM32H743/753
PCC.MCU=STM32H743VITx
PCC.PartNumber=STM32H743VITx
PCC.Seq0=0
PCC.Series=STM32H7
PCC.Temperature=25
PCC.Vdd=3.0
PD10.Mode=RGB666
PD10.Signal=LTDC_B3
PD11.Mode=Single Bank 1
PD11.Signal=QUADSPI_BK1_IO0
PD12.Mode=Single Bank 1
PD12.Signal=QUADSPI_BK1_IO1
PD13.Mode=Single Bank 1
PD13.Signal=QUADSPI_BK1_IO3
PD2.Mode=SD_4_bits_Wide_bus
PD2.Signal=SDMMC1_CMD
PD3.Mode=RGB666
PD3.Signal=LTDC_G7
PD6.Mode=RGB666
PD6.Signal=LTDC_B2
PE11.Mode=RGB666
PE11.Signal=LTDC_G3
PE12.Mode=RGB666
PE12.Signal=LTDC_B4
PE13.Mode=RGB666
PE13.Signal=LTDC_DE
PE14.Mode=RGB666
PE14.Signal=LTDC_CLK
PE15.Mode=RGB666
PE15.Signal=LTDC_R7
PE2.Mode=Single Bank 1
PE2.Signal=QUADSPI_BK1_IO2
PH0-OSC_IN.Mode=HSE-External-Oscillator
PH0-OSC_IN.Signal=RCC_OSC_IN
PH1-OSC_OUT.Mode=HSE-External-Oscillator
PH1-OSC_OUT.Signal=RCC_OSC_OUT
PinOutPanel.RotationAngle=0
ProjectManager.AskForMigrate=true
ProjectManager.BackupPrevious=false
ProjectManager.CompilerOptimize=6
ProjectManager.ComputerToolchain=false
ProjectManager.CoupleFile=false
ProjectManager.CustomerFirmwarePackage=
ProjectManager.DefaultFWLocation=true
ProjectManager.DeletePrevious=true
ProjectManager.DeviceId=STM32H743VITx
ProjectManager.FirmwarePackage=STM32Cube FW_H7 V1.3.0
ProjectManager.FreePins=false
ProjectManager.HalAssertFull=false
ProjectManager.HeapSize=0x200
ProjectManager.KeepUserCode=true
ProjectManager.LastFirmware=false
ProjectManager.LibraryCopy=1
ProjectManager.MainLocation=Src
ProjectManager.NoMain=false
ProjectManager.PreviousToolchain=TrueSTUDIO
ProjectManager.ProjectBuild=false
ProjectManager.ProjectFileName=vga_h743vit_640x400x16bpp.ioc
ProjectManager.ProjectName=vga_h743vit_640x400x16bpp
ProjectManager.StackSize=0x800
ProjectManager.TargetToolchain=TrueSTUDIO
ProjectManager.ToolChainLocation=
ProjectManager.UnderRoot=true
ProjectManager.functionlistsort=1-MX_GPIO_Init-GPIO-false-HAL-true,2-SystemClock_Config-RCC-false-HAL-false,3-MX_CORTEX_M7_Init-CORTEX_M7-false-HAL-true,4-MX_LTDC_Init-LTDC-false-HAL-true,5-MX_QUADSPI_Init-QUADSPI-false-HAL-true,6-MX_SDMMC1_SD_Init-SDMMC1-false-HAL-true,7-MX_DMA2D_Init-DMA2D-false-HAL-true,8-MX_FATFS_Init-FATFS-false-HAL-true,9-MX_RTC_Init-RTC-false-HAL-true,10-MX_LIBJPEG_Init-LIBJPEG-false-HAL-true,11-MX_JPEG_Init-JPEG-false-HAL-true
RCC.ADCFreq_Value=50390625
RCC.AHB12Freq_Value=200000000
RCC.AHB4Freq_Value=200000000
RCC.APB1Freq_Value=100000000
RCC.APB2Freq_Value=100000000
RCC.APB3Freq_Value=100000000
RCC.APB4Freq_Value=100000000
RCC.AXIClockFreq_Value=200000000
RCC.CECFreq_Value=32000
RCC.CKPERFreq_Value=64000000
RCC.CortexFreq_Value=400000000
RCC.CpuClockFreq_Value=400000000
RCC.D1CPREFreq_Value=400000000
RCC.D1PPRE=RCC_APB3_DIV2
RCC.D2PPRE1=RCC_APB1_DIV2
RCC.D2PPRE2=RCC_APB2_DIV2
RCC.D3PPRE=RCC_APB4_DIV2
RCC.DFSDMACLkFreq_Value=400000000
RCC.DFSDMFreq_Value=100000000
RCC.DIVM1=5
RCC.DIVM3=25
RCC.DIVN1=160
RCC.DIVN3=201
RCC.DIVP1Freq_Value=400000000
RCC.DIVP2Freq_Value=50390625
RCC.DIVP3Freq_Value=100500000
RCC.DIVQ1Freq_Value=400000000
RCC.DIVQ2Freq_Value=50390625
RCC.DIVQ3=4
RCC.DIVQ3Freq_Value=50250000
RCC.DIVR1Freq_Value=400000000
RCC.DIVR2Freq_Value=50390625
RCC.DIVR3=8
RCC.DIVR3Freq_Value=25125000
RCC.FDCANFreq_Value=400000000
RCC.FMCFreq_Value=200000000
RCC.FamilyName=M
RCC.HCLK3ClockFreq_Value=200000000
RCC.HCLKFreq_Value=200000000
RCC.HPRE=RCC_HCLK_DIV2
RCC.HRTIMFreq_Value=200000000
RCC.I2C123Freq_Value=100000000
RCC.I2C4Freq_Value=100000000
RCC.IPParameters=ADCFreq_Value,AHB12Freq_Value,AHB4Freq_Value,APB1Freq_Value,APB2Freq_Value,APB3Freq_Value,APB4Freq_Value,AXIClockFreq_Value,CECFreq_Value,CKPERFreq_Value,CortexFreq_Value,CpuClockFreq_Value,D1CPREFreq_Value,D1PPRE,D2PPRE1,D2PPRE2,D3PPRE,DFSDMACLkFreq_Value,DFSDMFreq_Value,DIVM1,DIVM3,DIVN1,DIVN3,DIVP1Freq_Value,DIVP2Freq_Value,DIVP3Freq_Value,DIVQ1Freq_Value,DIVQ2Freq_Value,DIVQ3,DIVQ3Freq_Value,DIVR1Freq_Value,DIVR2Freq_Value,DIVR3,DIVR3Freq_Value,FDCANFreq_Value,FMCFreq_Value,FamilyName,HCLK3ClockFreq_Value,HCLKFreq_Value,HPRE,HRTIMFreq_Value,I2C123Freq_Value,I2C4Freq_Value,LPTIM1Freq_Value,LPTIM2Freq_Value,LPTIM345Freq_Value,LPUART1Freq_Value,LTDCFreq_Value,MCO1PinFreq_Value,MCO2PinFreq_Value,PLLSourceVirtual,QSPIFreq_Value,RNGFreq_Value,RTCClockSelection,RTCFreq_Value,SAI1Freq_Value,SAI23Freq_Value,SAI4AFreq_Value,SAI4BFreq_Value,SDMMCFreq_Value,SPDIFRXFreq_Value,SPI123Freq_Value,SPI45Freq_Value,SPI6Freq_Value,SWPMI1Freq_Value,SYSCLKFreq_VALUE,SYSCLKSource,Tim1OutputFreq_Value,Tim2OutputFreq_Value,USART16Freq_Value,USART234578Freq_Value,USBCLockSelection,USBFreq_Value,VCO1OutputFreq_Value,VCO2OutputFreq_Value,VCO3OutputFreq_Value,VCOInput1Freq_Value,VCOInput2Freq_Value,VCOInput3Freq_Value
RCC.LPTIM1Freq_Value=100000000
RCC.LPTIM2Freq_Value=100000000
RCC.LPTIM345Freq_Value=100000000
RCC.LPUART1Freq_Value=100000000
RCC.LTDCFreq_Value=25125000
RCC.MCO1PinFreq_Value=64000000
RCC.MCO2PinFreq_Value=400000000
RCC.PLLSourceVirtual=RCC_PLLSOURCE_HSE
RCC.QSPIFreq_Value=200000000
RCC.RNGFreq_Value=48000000
RCC.RTCClockSelection=RCC_RTCCLKSOURCE_LSE
RCC.RTCFreq_Value=32768
RCC.SAI1Freq_Value=400000000
RCC.SAI23Freq_Value=400000000
RCC.SAI4AFreq_Value=400000000
RCC.SAI4BFreq_Value=400000000
RCC.SDMMCFreq_Value=400000000
RCC.SPDIFRXFreq_Value=400000000
RCC.SPI123Freq_Value=400000000
RCC.SPI45Freq_Value=100000000
RCC.SPI6Freq_Value=100000000
RCC.SWPMI1Freq_Value=100000000
RCC.SYSCLKFreq_VALUE=400000000
RCC.SYSCLKSource=RCC_SYSCLKSOURCE_PLLCLK
RCC.Tim1OutputFreq_Value=200000000
RCC.Tim2OutputFreq_Value=200000000
RCC.USART16Freq_Value=100000000
RCC.USART234578Freq_Value=100000000
RCC.USBCLockSelection=RCC_USBCLKSOURCE_PLL3
RCC.USBFreq_Value=50250000
RCC.VCO1OutputFreq_Value=800000000
RCC.VCO2OutputFreq_Value=100781250
RCC.VCO3OutputFreq_Value=201000000
RCC.VCOInput1Freq_Value=5000000
RCC.VCOInput2Freq_Value=781250
RCC.VCOInput3Freq_Value=1000000
SDMMC1.ClockDiv=2
SDMMC1.IPParameters=ClockDiv
VP_DMA2D_VS_DMA2D.Mode=DMA2D_Activate
VP_DMA2D_VS_DMA2D.Signal=DMA2D_VS_DMA2D
VP_FATFS_VS_SDIO.Mode=SDIO
VP_FATFS_VS_SDIO.Signal=FATFS_VS_SDIO
VP_JPEG_VS_JPEG.Mode=JPEG_Activate
VP_JPEG_VS_JPEG.Signal=JPEG_VS_JPEG
VP_LIBJPEG_VS_JPEGLIB.Mode=Enabled
VP_LIBJPEG_VS_JPEGLIB.Signal=LIBJPEG_VS_JPEGLIB
VP_RTC_VS_RTC_Activate.Mode=RTC_Enabled
VP_RTC_VS_RTC_Activate.Signal=RTC_VS_RTC_Activate
VP_SYS_VS_tim7.Mode=TIM7
VP_SYS_VS_tim7.Signal=SYS_VS_tim7
board=custom
